version = 1
requires-python = ">=3.13"

[[package]]
name = "aiofiles"
version = "0.6.0"
source = { registry = "https://pypi.org/simple" }
sdist = { url = "https://files.pythonhosted.org/packages/77/47/19e5951cc6ed771669906d2946b3deac32a35a9a155f730be49d8fa73dc9/aiofiles-0.6.0.tar.gz", hash = "sha256:e0281b157d3d5d59d803e3f4557dcc9a3dff28a4dd4829a9ff478adae50ca092", size = 11841 }
wheels = [
    { url = "https://files.pythonhosted.org/packages/ba/21/df5eae4b6db2eb00d58428dd7f793ecbf99942fcafcea141cbf108fa72f4/aiofiles-0.6.0-py3-none-any.whl", hash = "sha256:bd3019af67f83b739f8e4053c6c0512a7f545b9a8d91aaeab55e6e0f9d123c27", size = 11176 },
]

[[package]]
name = "app-for-deploy"
version = "0.1.0"
source = { virtual = "." }
dependencies = [
    { name = "otree" },
]

[package.metadata]
requires-dist = [{ name = "otree", specifier = ">=5.11.2" }]

[[package]]
name = "click"
version = "7.1.2"
source = { registry = "https://pypi.org/simple" }
sdist = { url = "https://files.pythonhosted.org/packages/27/6f/be940c8b1f1d69daceeb0032fee6c34d7bd70e3e649ccac0951500b4720e/click-7.1.2.tar.gz", hash = "sha256:d2b5255c7c6349bc1bd1e59e08cd12acbbd63ce649f2588755783aa94dfb6b1a", size = 297279 }
wheels = [
    { url = "https://files.pythonhosted.org/packages/d2/3d/fa76db83bf75c4f8d338c2fd15c8d33fdd7ad23a9b5e57eb6c5de26b430e/click-7.1.2-py2.py3-none-any.whl", hash = "sha256:dacca89f4bfadd5de3d7489b7c8a566eee0d3676333fbb50030263894c38c0dc", size = 82780 },
]

[[package]]
name = "h11"
version = "0.16.0"
source = { registry = "https://pypi.org/simple" }
sdist = { url = "https://files.pythonhosted.org/packages/01/ee/02a2c011bdab74c6fb3c75474d40b3052059d95df7e73351460c8588d963/h11-0.16.0.tar.gz", hash = "sha256:4e35b956cf45792e4caa5885e69fba00bdbc6ffafbfa020300e549b208ee5ff1", size = 101250 }
wheels = [
    { url = "https://files.pythonhosted.org/packages/04/4b/29cac41a4d98d144bf5f6d33995617b185d14b22401f75ca86f384e87ff1/h11-0.16.0-py3-none-any.whl", hash = "sha256:63cf8bbe7522de3bf65932fda1d9c2772064ffb3dae62d55932da54b31cb6c86", size = 37515 },
]

[[package]]
name = "itsdangerous"
version = "1.1.0"
source = { registry = "https://pypi.org/simple" }
sdist = { url = "https://files.pythonhosted.org/packages/68/1a/f27de07a8a304ad5fa817bbe383d1238ac4396da447fa11ed937039fa04b/itsdangerous-1.1.0.tar.gz", hash = "sha256:321b033d07f2a4136d3ec762eac9f16a10ccd60f53c0c91af90217ace7ba1f19", size = 53219 }
wheels = [
    { url = "https://files.pythonhosted.org/packages/76/ae/44b03b253d6fade317f32c24d100b3b35c2239807046a4c953c7b89fa49e/itsdangerous-1.1.0-py2.py3-none-any.whl", hash = "sha256:b12271b2047cb23eeb98c8b5622e2e5c5e9abd9784a153e9d8ef9cb4dd09d749", size = 16743 },
]

[[package]]
name = "markupsafe"
version = "1.1.1"
source = { registry = "https://pypi.org/simple" }
sdist = { url = "https://files.pythonhosted.org/packages/b9/2e/64db92e53b86efccfaea71321f597fa2e1b2bd3853d8ce658568f7a13094/MarkupSafe-1.1.1.tar.gz", hash = "sha256:29872e92839765e546828bb7754a68c418d927cd064fd4708fab9fe9c8bb116b", size = 19151 }

[[package]]
name = "otree"
version = "5.11.2"
source = { registry = "https://pypi.org/simple" }
dependencies = [
    { name = "aiofiles" },
    { name = "itsdangerous" },
    { name = "markupsafe" },
    { name = "python-multipart" },
    { name = "sqlalchemy" },
    { name = "starlette" },
    { name = "uvicorn" },
    { name = "websockets" },
    { name = "wtforms" },
    { name = "wtforms-sqlalchemy" },
]
sdist = { url = "https://files.pythonhosted.org/packages/e3/56/8a11a1ab4de84079e2cd3260ab9d7c980e1430bf0708116a055320e1026c/otree-5.11.2.tar.gz", hash = "sha256:b454464733e9635da7b0ee74dfa25fdacb385fead8245fbac5708accfb3a64dd", size = 469340 }

[[package]]
name = "python-multipart"
version = "0.0.5"
source = { registry = "https://pypi.org/simple" }
dependencies = [
    { name = "six" },
]
sdist = { url = "https://files.pythonhosted.org/packages/46/40/a933ac570bf7aad12a298fc53458115cc74053474a72fbb8201d7dc06d3d/python-multipart-0.0.5.tar.gz", hash = "sha256:f7bb5f611fc600d15fa47b3974c8aa16e93724513b49b5f95c81e6624c83fa43", size = 32581 }

[[package]]
name = "six"
version = "1.17.0"
source = { registry = "https://pypi.org/simple" }
sdist = { url = "https://files.pythonhosted.org/packages/94/e7/b2c673351809dca68a0e064b6af791aa332cf192da575fd474ed7d6f16a2/six-1.17.0.tar.gz", hash = "sha256:ff70335d468e7eb6ec65b95b99d3a2836546063f63acc5171de367e834932a81", size = 34031 }
wheels = [
    { url = "https://files.pythonhosted.org/packages/b7/ce/149a00dd41f10bc29e5921b496af8b574d8413afcd5e30dfa0ed46c2cc5e/six-1.17.0-py2.py3-none-any.whl", hash = "sha256:4721f391ed90541fddacab5acf947aa0d3dc7d27b2e1e8eda2be8970586c3274", size = 11050 },
]

[[package]]
name = "sqlalchemy"
version = "1.3.22"
source = { registry = "https://pypi.org/simple" }
sdist = { url = "https://files.pythonhosted.org/packages/b7/10/b6d02efa2cb10dca0671fd62c9091c1e49831b266658fd7a056c577621cb/SQLAlchemy-1.3.22.tar.gz", hash = "sha256:758fc8c4d6c0336e617f9f6919f9daea3ab6bb9b07005eda9a1a682e24a6cacc", size = 6300186 }

[[package]]
name = "starlette"
version = "0.14.1"
source = { registry = "https://pypi.org/simple" }
sdist = { url = "https://files.pythonhosted.org/packages/33/62/accb8a86fed6ffb95a8dd1c8730450fba1dfd8e93271e9b17a476deb24ec/starlette-0.14.1.tar.gz", hash = "sha256:5268ef5d4904ec69582d5fd207b869a5aa0cd59529848ba4cf429b06e3ced99a", size = 50007 }
wheels = [
    { url = "https://files.pythonhosted.org/packages/7b/a5/a845fe881f223069d9dd44aef814db0f83bc660c4324fcbe29dd3476c8e7/starlette-0.14.1-py3-none-any.whl", hash = "sha256:d2f55fb835378442b812637ed3e3fcef3d3e22d292fcb8400fa48d2473202411", size = 60588 },
]

[[package]]
name = "uvicorn"
version = "0.13.4"
source = { registry = "https://pypi.org/simple" }
dependencies = [
    { name = "click" },
    { name = "h11" },
]
sdist = { url = "https://files.pythonhosted.org/packages/26/6c/6ace1cd024a27dd692c80fd31c8e51e6b81bde459e2cae06b5ab30fc37d2/uvicorn-0.13.4.tar.gz", hash = "sha256:3292251b3c7978e8e4a7868f4baf7f7f7bb7e40c759ecc125c37e99cdea34202", size = 32426 }
wheels = [
    { url = "https://files.pythonhosted.org/packages/c8/de/953f0289508b1b92debdf0a6822d9b88ffb0c6ad471d709cf639a2c8a176/uvicorn-0.13.4-py3-none-any.whl", hash = "sha256:7587f7b08bd1efd2b9bad809a3d333e972f1d11af8a5e52a9371ee3a5de71524", size = 46057 },
]

[[package]]
name = "websockets"
version = "10.1"
source = { registry = "https://pypi.org/simple" }
sdist = { url = "https://files.pythonhosted.org/packages/69/77/591bbc51a5ed6a906a7813e60a9627f988f9546513fcf9d250eb31ec8689/websockets-10.1.tar.gz", hash = "sha256:181d2b25de5a437b36aefedaf006ecb6fa3aa1328ec0236cdde15f32f9d3ff6d", size = 83091 }

[[package]]
name = "wtforms"
version = "2.3.3"
source = { registry = "https://pypi.org/simple" }
dependencies = [
    { name = "markupsafe" },
]
sdist = { url = "https://files.pythonhosted.org/packages/dd/3f/f25d26b1c66896e2876124a12cd8be8f606abf4e1890a20f3ca04e4a1555/WTForms-2.3.3.tar.gz", hash = "sha256:81195de0ac94fbc8368abbaf9197b88c4f3ffd6c2719b5bf5fc9da744f3d829c", size = 162945 }
wheels = [
    { url = "https://files.pythonhosted.org/packages/e0/31/614fc7dc7d76005b0acb8c0c8920d962b83d7422b4ba912886dfb63f86ff/WTForms-2.3.3-py2.py3-none-any.whl", hash = "sha256:7b504fc724d0d1d4d5d5c114e778ec88c37ea53144683e084215eed5155ada4c", size = 169106 },
]

[[package]]
name = "wtforms-sqlalchemy"
version = "0.2"
source = { registry = "https://pypi.org/simple" }
dependencies = [
    { name = "sqlalchemy" },
    { name = "wtforms" },
]
sdist = { url = "https://files.pythonhosted.org/packages/0d/de/c40cf5e49ebe21d43ded5b17c5db4c507b8c309d668f83274f9d43d11ca5/WTForms-SQLAlchemy-0.2.tar.gz", hash = "sha256:2ef019cb9bf1e544911b3e08aff963b67fb9409db9d2029eb71c73d1af1f8f16", size = 17222 }
wheels = [
    { url = "https://files.pythonhosted.org/packages/b8/0c/47a2e5f0dc74c51160d414ab504d764247a4ff759a3b8785b49baf8bb341/WTForms_SQLAlchemy-0.2-py3-none-any.whl", hash = "sha256:5160250c04782e26a7485a3913b8d52c2548b609ee3117f3e32aee2c20c919ba", size = 8787 },
]
